// !$*UTF8*$!
{
	archiveVersion = 1;
	classes = {
	};
	objectVersion = 56;
	objects = {

/* Begin PBXBuildFile section */
		0907C5292DD23E6600DAB97E /* ProfileViewController.swift in Sources */ = {isa = PBXBuildFile; fileRef = 0907C5282DD23E6600DAB97E /* ProfileViewController.swift */; };
		09CFBADC2DBFA6D4008338DF /* AppDelegate.swift in Sources */ = {isa = PBXBuildFile; fileRef = 09CFBADB2DBFA6D4008338DF /* AppDelegate.swift */; };
		09CFBADE2DBFA6D4008338DF /* SceneDelegate.swift in Sources */ = {isa = PBXBuildFile; fileRef = 09CFBADD2DBFA6D4008338DF /* SceneDelegate.swift */; };
		09CFBAE02DBFA6D4008338DF /* ImagesListViewController.swift in Sources */ = {isa = PBXBuildFile; fileRef = 09CFBADF2DBFA6D4008338DF /* ImagesListViewController.swift */; };
		09CFBAE32DBFA6D4008338DF /* Main.storyboard in Resources */ = {isa = PBXBuildFile; fileRef = 09CFBAE12DBFA6D4008338DF /* Main.storyboard */; };
		09CFBAE52DBFA6D6008338DF /* Assets.xcassets in Resources */ = {isa = PBXBuildFile; fileRef = 09CFBAE42DBFA6D6008338DF /* Assets.xcassets */; };
		09CFBAE82DBFA6D6008338DF /* LaunchScreen.storyboard in Resources */ = {isa = PBXBuildFile; fileRef = 09CFBAE62DBFA6D6008338DF /* LaunchScreen.storyboard */; };
		09CFBB282DCF9F00008338DF /* 8.jpg in Resources */ = {isa = PBXBuildFile; fileRef = 09CFBB142DCF9F00008338DF /* 8.jpg */; };
		09CFBB292DCF9F00008338DF /* 9.jpg in Resources */ = {isa = PBXBuildFile; fileRef = 09CFBB152DCF9F00008338DF /* 9.jpg */; };
		09CFBB2A2DCF9F00008338DF /* 14.jpg in Resources */ = {isa = PBXBuildFile; fileRef = 09CFBB162DCF9F00008338DF /* 14.jpg */; };
		09CFBB2B2DCF9F00008338DF /* 15.jpg in Resources */ = {isa = PBXBuildFile; fileRef = 09CFBB172DCF9F00008338DF /* 15.jpg */; };
		09CFBB2C2DCF9F00008338DF /* 17.jpg in Resources */ = {isa = PBXBuildFile; fileRef = 09CFBB182DCF9F00008338DF /* 17.jpg */; };
		09CFBB2D2DCF9F00008338DF /* 16.jpg in Resources */ = {isa = PBXBuildFile; fileRef = 09CFBB192DCF9F00008338DF /* 16.jpg */; };
		09CFBB2E2DCF9F00008338DF /* 12.jpg in Resources */ = {isa = PBXBuildFile; fileRef = 09CFBB1A2DCF9F00008338DF /* 12.jpg */; };
		09CFBB2F2DCF9F00008338DF /* 13.jpg in Resources */ = {isa = PBXBuildFile; fileRef = 09CFBB1B2DCF9F00008338DF /* 13.jpg */; };
		09CFBB302DCF9F00008338DF /* 11.jpg in Resources */ = {isa = PBXBuildFile; fileRef = 09CFBB1C2DCF9F00008338DF /* 11.jpg */; };
		09CFBB312DCF9F00008338DF /* 10.jpg in Resources */ = {isa = PBXBuildFile; fileRef = 09CFBB1D2DCF9F00008338DF /* 10.jpg */; };
		09CFBB322DCF9F00008338DF /* 18.jpg in Resources */ = {isa = PBXBuildFile; fileRef = 09CFBB1E2DCF9F00008338DF /* 18.jpg */; };
		09CFBB332DCF9F00008338DF /* 19.jpg in Resources */ = {isa = PBXBuildFile; fileRef = 09CFBB1F2DCF9F00008338DF /* 19.jpg */; };
		09CFBB342DCF9F00008338DF /* 4.jpg in Resources */ = {isa = PBXBuildFile; fileRef = 09CFBB202DCF9F00008338DF /* 4.jpg */; };
		09CFBB352DCF9F00008338DF /* 5.jpg in Resources */ = {isa = PBXBuildFile; fileRef = 09CFBB212DCF9F00008338DF /* 5.jpg */; };
		09CFBB362DCF9F00008338DF /* 7.jpg in Resources */ = {isa = PBXBuildFile; fileRef = 09CFBB222DCF9F00008338DF /* 7.jpg */; };
		09CFBB372DCF9F00008338DF /* 6.jpg in Resources */ = {isa = PBXBuildFile; fileRef = 09CFBB232DCF9F00008338DF /* 6.jpg */; };
		09CFBB382DCF9F00008338DF /* 2.jpg in Resources */ = {isa = PBXBuildFile; fileRef = 09CFBB242DCF9F00008338DF /* 2.jpg */; };
		09CFBB392DCF9F00008338DF /* 3.jpg in Resources */ = {isa = PBXBuildFile; fileRef = 09CFBB252DCF9F00008338DF /* 3.jpg */; };
		09CFBB3A2DCF9F00008338DF /* 1.jpg in Resources */ = {isa = PBXBuildFile; fileRef = 09CFBB262DCF9F00008338DF /* 1.jpg */; };
		09CFBB3B2DCF9F00008338DF /* 0.jpg in Resources */ = {isa = PBXBuildFile; fileRef = 09CFBB272DCF9F00008338DF /* 0.jpg */; };
		09CFBB3D2DCFA7A8008338DF /* ImagesListCell.swift in Sources */ = {isa = PBXBuildFile; fileRef = 09CFBB3C2DCFA7A8008338DF /* ImagesListCell.swift */; };
		09D536A22DD3487400D958FA /* SingleImageViewController.swift in Sources */ = {isa = PBXBuildFile; fileRef = 09D536A12DD3487400D958FA /* SingleImageViewController.swift */; };
/* End PBXBuildFile section */

/* Begin PBXFileReference section */
		0907C5282DD23E6600DAB97E /* ProfileViewController.swift */ = {isa = PBXFileReference; lastKnownFileType = sourcecode.swift; path = ProfileViewController.swift; sourceTree = "<group>"; };
		09CFBAD82DBFA6D4008338DF /* ImageFeed.app */ = {isa = PBXFileReference; explicitFileType = wrapper.application; includeInIndex = 0; path = ImageFeed.app; sourceTree = BUILT_PRODUCTS_DIR; };
		09CFBADB2DBFA6D4008338DF /* AppDelegate.swift */ = {isa = PBXFileReference; lastKnownFileType = sourcecode.swift; path = AppDelegate.swift; sourceTree = "<group>"; };
		09CFBADD2DBFA6D4008338DF /* SceneDelegate.swift */ = {isa = PBXFileReference; lastKnownFileType = sourcecode.swift; path = SceneDelegate.swift; sourceTree = "<group>"; };
		09CFBADF2DBFA6D4008338DF /* ImagesListViewController.swift */ = {isa = PBXFileReference; lastKnownFileType = sourcecode.swift; path = ImagesListViewController.swift; sourceTree = "<group>"; };
		09CFBAE22DBFA6D4008338DF /* Base */ = {isa = PBXFileReference; lastKnownFileType = file.storyboard; name = Base; path = Base.lproj/Main.storyboard; sourceTree = "<group>"; };
		09CFBAE42DBFA6D6008338DF /* Assets.xcassets */ = {isa = PBXFileReference; lastKnownFileType = folder.assetcatalog; path = Assets.xcassets; sourceTree = "<group>"; };
		09CFBAE72DBFA6D6008338DF /* Base */ = {isa = PBXFileReference; lastKnownFileType = file.storyboard; name = Base; path = Base.lproj/LaunchScreen.storyboard; sourceTree = "<group>"; };
		09CFBAE92DBFA6D6008338DF /* Info.plist */ = {isa = PBXFileReference; lastKnownFileType = text.plist.xml; path = Info.plist; sourceTree = "<group>"; };
		09CFBB142DCF9F00008338DF /* 8.jpg */ = {isa = PBXFileReference; lastKnownFileType = image.jpeg; path = 8.jpg; sourceTree = "<group>"; };
		09CFBB152DCF9F00008338DF /* 9.jpg */ = {isa = PBXFileReference; lastKnownFileType = image.jpeg; path = 9.jpg; sourceTree = "<group>"; };
		09CFBB162DCF9F00008338DF /* 14.jpg */ = {isa = PBXFileReference; lastKnownFileType = image.jpeg; path = 14.jpg; sourceTree = "<group>"; };
		09CFBB172DCF9F00008338DF /* 15.jpg */ = {isa = PBXFileReference; lastKnownFileType = image.jpeg; path = 15.jpg; sourceTree = "<group>"; };
		09CFBB182DCF9F00008338DF /* 17.jpg */ = {isa = PBXFileReference; lastKnownFileType = image.jpeg; path = 17.jpg; sourceTree = "<group>"; };
		09CFBB192DCF9F00008338DF /* 16.jpg */ = {isa = PBXFileReference; lastKnownFileType = image.jpeg; path = 16.jpg; sourceTree = "<group>"; };
		09CFBB1A2DCF9F00008338DF /* 12.jpg */ = {isa = PBXFileReference; lastKnownFileType = image.jpeg; path = 12.jpg; sourceTree = "<group>"; };
		09CFBB1B2DCF9F00008338DF /* 13.jpg */ = {isa = PBXFileReference; lastKnownFileType = image.jpeg; path = 13.jpg; sourceTree = "<group>"; };
		09CFBB1C2DCF9F00008338DF /* 11.jpg */ = {isa = PBXFileReference; lastKnownFileType = image.jpeg; path = 11.jpg; sourceTree = "<group>"; };
		09CFBB1D2DCF9F00008338DF /* 10.jpg */ = {isa = PBXFileReference; lastKnownFileType = image.jpeg; path = 10.jpg; sourceTree = "<group>"; };
		09CFBB1E2DCF9F00008338DF /* 18.jpg */ = {isa = PBXFileReference; lastKnownFileType = image.jpeg; path = 18.jpg; sourceTree = "<group>"; };
		09CFBB1F2DCF9F00008338DF /* 19.jpg */ = {isa = PBXFileReference; lastKnownFileType = image.jpeg; path = 19.jpg; sourceTree = "<group>"; };
		09CFBB202DCF9F00008338DF /* 4.jpg */ = {isa = PBXFileReference; lastKnownFileType = image.jpeg; path = 4.jpg; sourceTree = "<group>"; };
		09CFBB212DCF9F00008338DF /* 5.jpg */ = {isa = PBXFileReference; lastKnownFileType = image.jpeg; path = 5.jpg; sourceTree = "<group>"; };
		09CFBB222DCF9F00008338DF /* 7.jpg */ = {isa = PBXFileReference; lastKnownFileType = image.jpeg; path = 7.jpg; sourceTree = "<group>"; };
		09CFBB232DCF9F00008338DF /* 6.jpg */ = {isa = PBXFileReference; lastKnownFileType = image.jpeg; path = 6.jpg; sourceTree = "<group>"; };
		09CFBB242DCF9F00008338DF /* 2.jpg */ = {isa = PBXFileReference; lastKnownFileType = image.jpeg; path = 2.jpg; sourceTree = "<group>"; };
		09CFBB252DCF9F00008338DF /* 3.jpg */ = {isa = PBXFileReference; lastKnownFileType = image.jpeg; path = 3.jpg; sourceTree = "<group>"; };
		09CFBB262DCF9F00008338DF /* 1.jpg */ = {isa = PBXFileReference; lastKnownFileType = image.jpeg; path = 1.jpg; sourceTree = "<group>"; };
		09CFBB272DCF9F00008338DF /* 0.jpg */ = {isa = PBXFileReference; lastKnownFileType = image.jpeg; path = 0.jpg; sourceTree = "<group>"; };
		09CFBB3C2DCFA7A8008338DF /* ImagesListCell.swift */ = {isa = PBXFileReference; lastKnownFileType = sourcecode.swift; path = ImagesListCell.swift; sourceTree = "<group>"; };
		09D536A12DD3487400D958FA /* SingleImageViewController.swift */ = {isa = PBXFileReference; lastKnownFileType = sourcecode.swift; path = SingleImageViewController.swift; sourceTree = "<group>"; };
/* End PBXFileReference section */

/* Begin PBXFrameworksBuildPhase section */
		09CFBAD52DBFA6D4008338DF /* Frameworks */ = {
			isa = PBXFrameworksBuildPhase;
			buildActionMask = 2147483647;
			files = (
			);
			runOnlyForDeploymentPostprocessing = 0;
		};
/* End PBXFrameworksBuildPhase section */

/* Begin PBXGroup section */
		09CFBACF2DBFA6D4008338DF = {
			isa = PBXGroup;
			children = (
				09CFBADA2DBFA6D4008338DF /* ImageFeed */,
				09CFBAD92DBFA6D4008338DF /* Products */,
			);
			sourceTree = "<group>";
		};
		09CFBAD92DBFA6D4008338DF /* Products */ = {
			isa = PBXGroup;
			children = (
				09CFBAD82DBFA6D4008338DF /* ImageFeed.app */,
			);
			name = Products;
			sourceTree = "<group>";
		};
		09CFBADA2DBFA6D4008338DF /* ImageFeed */ = {
			isa = PBXGroup;
			children = (
				09CFBADB2DBFA6D4008338DF /* AppDelegate.swift */,
				09CFBADD2DBFA6D4008338DF /* SceneDelegate.swift */,
				09CFBAF22DC0CD2A008338DF /* Models */,
				09CFBAF12DC0CD1C008338DF /* Services */,
				09CFBAF02DC0CD12008338DF /* Presentation */,
				09CFBAEF2DC0CCFC008338DF /* Resources */,
			);
			path = ImageFeed;
			sourceTree = "<group>";
		};
		09CFBAEF2DC0CCFC008338DF /* Resources */ = {
			isa = PBXGroup;
			children = (
				09CFBB132DCF9F00008338DF /* mockImages */,
				09CFBAE92DBFA6D6008338DF /* Info.plist */,
				09CFBAE42DBFA6D6008338DF /* Assets.xcassets */,
				09CFBAE62DBFA6D6008338DF /* LaunchScreen.storyboard */,
			);
			path = Resources;
			sourceTree = "<group>";
		};
		09CFBAF02DC0CD12008338DF /* Presentation */ = {
			isa = PBXGroup;
			children = (
				09D536A02DD3485B00D958FA /* Profile */,
				09CFBB3E2DCFA7EF008338DF /* ImagesList */,
				09CFBAE12DBFA6D4008338DF /* Main.storyboard */,
			);
			path = Presentation;
			sourceTree = "<group>";
		};
		09CFBAF12DC0CD1C008338DF /* Services */ = {
			isa = PBXGroup;
			children = (
			);
			path = Services;
			sourceTree = "<group>";
		};
		09CFBAF22DC0CD2A008338DF /* Models */ = {
			isa = PBXGroup;
			children = (
			);
			path = Models;
			sourceTree = "<group>";
		};
		09CFBB132DCF9F00008338DF /* mockImages */ = {
			isa = PBXGroup;
			children = (
				09CFBB142DCF9F00008338DF /* 8.jpg */,
				09CFBB152DCF9F00008338DF /* 9.jpg */,
				09CFBB162DCF9F00008338DF /* 14.jpg */,
				09CFBB172DCF9F00008338DF /* 15.jpg */,
				09CFBB182DCF9F00008338DF /* 17.jpg */,
				09CFBB192DCF9F00008338DF /* 16.jpg */,
				09CFBB1A2DCF9F00008338DF /* 12.jpg */,
				09CFBB1B2DCF9F00008338DF /* 13.jpg */,
				09CFBB1C2DCF9F00008338DF /* 11.jpg */,
				09CFBB1D2DCF9F00008338DF /* 10.jpg */,
				09CFBB1E2DCF9F00008338DF /* 18.jpg */,
				09CFBB1F2DCF9F00008338DF /* 19.jpg */,
				09CFBB202DCF9F00008338DF /* 4.jpg */,
				09CFBB212DCF9F00008338DF /* 5.jpg */,
				09CFBB222DCF9F00008338DF /* 7.jpg */,
				09CFBB232DCF9F00008338DF /* 6.jpg */,
				09CFBB242DCF9F00008338DF /* 2.jpg */,
				09CFBB252DCF9F00008338DF /* 3.jpg */,
				09CFBB262DCF9F00008338DF /* 1.jpg */,
				09CFBB272DCF9F00008338DF /* 0.jpg */,
			);
			path = mockImages;
			sourceTree = "<group>";
		};
		09CFBB3E2DCFA7EF008338DF /* ImagesList */ = {
			isa = PBXGroup;
			children = (
				09CFBADF2DBFA6D4008338DF /* ImagesListViewController.swift */,
				09CFBB3C2DCFA7A8008338DF /* ImagesListCell.swift */,
				09D536A12DD3487400D958FA /* SingleImageViewController.swift */,
			);
			path = ImagesList;
			sourceTree = "<group>";
		};
		09D536A02DD3485B00D958FA /* Profile */ = {
			isa = PBXGroup;
			children = (
				0907C5282DD23E6600DAB97E /* ProfileViewController.swift */,
			);
			path = Profile;
			sourceTree = "<group>";
		};
/* End PBXGroup section */

/* Begin PBXNativeTarget section */
		09CFBAD72DBFA6D4008338DF /* ImageFeed */ = {
			isa = PBXNativeTarget;
			buildConfigurationList = 09CFBAEC2DBFA6D6008338DF /* Build configuration list for PBXNativeTarget "ImageFeed" */;
			buildPhases = (
				09CFBAD42DBFA6D4008338DF /* Sources */,
				09CFBAD52DBFA6D4008338DF /* Frameworks */,
				09CFBAD62DBFA6D4008338DF /* Resources */,
			);
			buildRules = (
			);
			dependencies = (
			);
			name = ImageFeed;
			productName = ImageFeed;
			productReference = 09CFBAD82DBFA6D4008338DF /* ImageFeed.app */;
			productType = "com.apple.product-type.application";
		};
/* End PBXNativeTarget section */

/* Begin PBXProject section */
		09CFBAD02DBFA6D4008338DF /* Project object */ = {
			isa = PBXProject;
			attributes = {
				BuildIndependentTargetsInParallel = 1;
				LastSwiftUpdateCheck = 1520;
				LastUpgradeCheck = 1520;
				TargetAttributes = {
					09CFBAD72DBFA6D4008338DF = {
						CreatedOnToolsVersion = 15.2;
					};
				};
			};
			buildConfigurationList = 09CFBAD32DBFA6D4008338DF /* Build configuration list for PBXProject "ImageFeed" */;
			compatibilityVersion = "Xcode 14.0";
			developmentRegion = en;
			hasScannedForEncodings = 0;
			knownRegions = (
				en,
				Base,
			);
			mainGroup = 09CFBACF2DBFA6D4008338DF;
			productRefGroup = 09CFBAD92DBFA6D4008338DF /* Products */;
			projectDirPath = "";
			projectRoot = "";
			targets = (
				09CFBAD72DBFA6D4008338DF /* ImageFeed */,
			);
		};
/* End PBXProject section */

/* Begin PBXResourcesBuildPhase section */
		09CFBAD62DBFA6D4008338DF /* Resources */ = {
			isa = PBXResourcesBuildPhase;
			buildActionMask = 2147483647;
			files = (
				09CFBB312DCF9F00008338DF /* 10.jpg in Resources */,
				09CFBB2E2DCF9F00008338DF /* 12.jpg in Resources */,
				09CFBB382DCF9F00008338DF /* 2.jpg in Resources */,
				09CFBB2B2DCF9F00008338DF /* 15.jpg in Resources */,
				09CFBB372DCF9F00008338DF /* 6.jpg in Resources */,
				09CFBB2A2DCF9F00008338DF /* 14.jpg in Resources */,
				09CFBB302DCF9F00008338DF /* 11.jpg in Resources */,
				09CFBB3B2DCF9F00008338DF /* 0.jpg in Resources */,
				09CFBB282DCF9F00008338DF /* 8.jpg in Resources */,
				09CFBAE82DBFA6D6008338DF /* LaunchScreen.storyboard in Resources */,
				09CFBB2F2DCF9F00008338DF /* 13.jpg in Resources */,
				09CFBB352DCF9F00008338DF /* 5.jpg in Resources */,
				09CFBB3A2DCF9F00008338DF /* 1.jpg in Resources */,
				09CFBB342DCF9F00008338DF /* 4.jpg in Resources */,
				09CFBB392DCF9F00008338DF /* 3.jpg in Resources */,
				09CFBAE52DBFA6D6008338DF /* Assets.xcassets in Resources */,
				09CFBB2C2DCF9F00008338DF /* 17.jpg in Resources */,
				09CFBB332DCF9F00008338DF /* 19.jpg in Resources */,
				09CFBB292DCF9F00008338DF /* 9.jpg in Resources */,
				09CFBB2D2DCF9F00008338DF /* 16.jpg in Resources */,
				09CFBB362DCF9F00008338DF /* 7.jpg in Resources */,
				09CFBB322DCF9F00008338DF /* 18.jpg in Resources */,
				09CFBAE32DBFA6D4008338DF /* Main.storyboard in Resources */,
			);
			runOnlyForDeploymentPostprocessing = 0;
		};
/* End PBXResourcesBuildPhase section */

/* Begin PBXSourcesBuildPhase section */
		09CFBAD42DBFA6D4008338DF /* Sources */ = {
			isa = PBXSourcesBuildPhase;
			buildActionMask = 2147483647;
			files = (
				09CFBAE02DBFA6D4008338DF /* ImagesListViewController.swift in Sources */,
				09CFBB3D2DCFA7A8008338DF /* ImagesListCell.swift in Sources */,
				0907C5292DD23E6600DAB97E /* ProfileViewController.swift in Sources */,
				09CFBADC2DBFA6D4008338DF /* AppDelegate.swift in Sources */,
				09D536A22DD3487400D958FA /* SingleImageViewController.swift in Sources */,
				09CFBADE2DBFA6D4008338DF /* SceneDelegate.swift in Sources */,
			);
			runOnlyForDeploymentPostprocessing = 0;
		};
/* End PBXSourcesBuildPhase section */

/* Begin PBXVariantGroup section */
		09CFBAE12DBFA6D4008338DF /* Main.storyboard */ = {
			isa = PBXVariantGroup;
			children = (
				09CFBAE22DBFA6D4008338DF /* Base */,
			);
			name = Main.storyboard;
			sourceTree = "<group>";
		};
		09CFBAE62DBFA6D6008338DF /* LaunchScreen.storyboard */ = {
			isa = PBXVariantGroup;
			children = (
				09CFBAE72DBFA6D6008338DF /* Base */,
			);
			name = LaunchScreen.storyboard;
			sourceTree = "<group>";
		};
/* End PBXVariantGroup section */

/* Begin XCBuildConfiguration section */
		09CFBAEA2DBFA6D6008338DF /* Debug */ = {
			isa = XCBuildConfiguration;
			buildSettings = {
				ALWAYS_SEARCH_USER_PATHS = NO;
				ASSETCATALOG_COMPILER_GENERATE_SWIFT_ASSET_SYMBOL_EXTENSIONS = YES;
				CLANG_ANALYZER_NONNULL = YES;
				CLANG_ANALYZER_NUMBER_OBJECT_CONVERSION = YES_AGGRESSIVE;
				CLANG_CXX_LANGUAGE_STANDARD = "gnu++20";
				CLANG_ENABLE_MODULES = YES;
				CLANG_ENABLE_OBJC_ARC = YES;
				CLANG_ENABLE_OBJC_WEAK = YES;
				CLANG_WARN_BLOCK_CAPTURE_AUTORELEASING = YES;
				CLANG_WARN_BOOL_CONVERSION = YES;
				CLANG_WARN_COMMA = YES;
				CLANG_WARN_CONSTANT_CONVERSION = YES;
				CLANG_WARN_DEPRECATED_OBJC_IMPLEMENTATIONS = YES;
				CLANG_WARN_DIRECT_OBJC_ISA_USAGE = YES_ERROR;
				CLANG_WARN_DOCUMENTATION_COMMENTS = YES;
				CLANG_WARN_EMPTY_BODY = YES;
				CLANG_WARN_ENUM_CONVERSION = YES;
				CLANG_WARN_INFINITE_RECURSION = YES;
				CLANG_WARN_INT_CONVERSION = YES;
				CLANG_WARN_NON_LITERAL_NULL_CONVERSION = YES;
				CLANG_WARN_OBJC_IMPLICIT_RETAIN_SELF = YES;
				CLANG_WARN_OBJC_LITERAL_CONVERSION = YES;
				CLANG_WARN_OBJC_ROOT_CLASS = YES_ERROR;
				CLANG_WARN_QUOTED_INCLUDE_IN_FRAMEWORK_HEADER = YES;
				CLANG_WARN_RANGE_LOOP_ANALYSIS = YES;
				CLANG_WARN_STRICT_PROTOTYPES = YES;
				CLANG_WARN_SUSPICIOUS_MOVE = YES;
				CLANG_WARN_UNGUARDED_AVAILABILITY = YES_AGGRESSIVE;
				CLANG_WARN_UNREACHABLE_CODE = YES;
				CLANG_WARN__DUPLICATE_METHOD_MATCH = YES;
				COPY_PHASE_STRIP = NO;
				DEBUG_INFORMATION_FORMAT = dwarf;
				ENABLE_STRICT_OBJC_MSGSEND = YES;
				ENABLE_TESTABILITY = YES;
				ENABLE_USER_SCRIPT_SANDBOXING = YES;
				GCC_C_LANGUAGE_STANDARD = gnu17;
				GCC_DYNAMIC_NO_PIC = NO;
				GCC_NO_COMMON_BLOCKS = YES;
				GCC_OPTIMIZATION_LEVEL = 0;
				GCC_PREPROCESSOR_DEFINITIONS = (
					"DEBUG=1",
					"$(inherited)",
				);
				GCC_WARN_64_TO_32_BIT_CONVERSION = YES;
				GCC_WARN_ABOUT_RETURN_TYPE = YES_ERROR;
				GCC_WARN_UNDECLARED_SELECTOR = YES;
				GCC_WARN_UNINITIALIZED_AUTOS = YES_AGGRESSIVE;
				GCC_WARN_UNUSED_FUNCTION = YES;
				GCC_WARN_UNUSED_VARIABLE = YES;
				IPHONEOS_DEPLOYMENT_TARGET = 17.2;
				LOCALIZATION_PREFERS_STRING_CATALOGS = YES;
				MTL_ENABLE_DEBUG_INFO = INCLUDE_SOURCE;
				MTL_FAST_MATH = YES;
				ONLY_ACTIVE_ARCH = YES;
				SDKROOT = iphoneos;
				SWIFT_ACTIVE_COMPILATION_CONDITIONS = "DEBUG $(inherited)";
				SWIFT_OPTIMIZATION_LEVEL = "-Onone";
			};
			name = Debug;
		};
		09CFBAEB2DBFA6D6008338DF /* Release */ = {
			isa = XCBuildConfiguration;
			buildSettings = {
				ALWAYS_SEARCH_USER_PATHS = NO;
				ASSETCATALOG_COMPILER_GENERATE_SWIFT_ASSET_SYMBOL_EXTENSIONS = YES;
				CLANG_ANALYZER_NONNULL = YES;
				CLANG_ANALYZER_NUMBER_OBJECT_CONVERSION = YES_AGGRESSIVE;
				CLANG_CXX_LANGUAGE_STANDARD = "gnu++20";
				CLANG_ENABLE_MODULES = YES;
				CLANG_ENABLE_OBJC_ARC = YES;
				CLANG_ENABLE_OBJC_WEAK = YES;
				CLANG_WARN_BLOCK_CAPTURE_AUTORELEASING = YES;
				CLANG_WARN_BOOL_CONVERSION = YES;
				CLANG_WARN_COMMA = YES;
				CLANG_WARN_CONSTANT_CONVERSION = YES;
				CLANG_WARN_DEPRECATED_OBJC_IMPLEMENTATIONS = YES;
				CLANG_WARN_DIRECT_OBJC_ISA_USAGE = YES_ERROR;
				CLANG_WARN_DOCUMENTATION_COMMENTS = YES;
				CLANG_WARN_EMPTY_BODY = YES;
				CLANG_WARN_ENUM_CONVERSION = YES;
				CLANG_WARN_INFINITE_RECURSION = YES;
				CLANG_WARN_INT_CONVERSION = YES;
				CLANG_WARN_NON_LITERAL_NULL_CONVERSION = YES;
				CLANG_WARN_OBJC_IMPLICIT_RETAIN_SELF = YES;
				CLANG_WARN_OBJC_LITERAL_CONVERSION = YES;
				CLANG_WARN_OBJC_ROOT_CLASS = YES_ERROR;
				CLANG_WARN_QUOTED_INCLUDE_IN_FRAMEWORK_HEADER = YES;
				CLANG_WARN_RANGE_LOOP_ANALYSIS = YES;
				CLANG_WARN_STRICT_PROTOTYPES = YES;
				CLANG_WARN_SUSPICIOUS_MOVE = YES;
				CLANG_WARN_UNGUARDED_AVAILABILITY = YES_AGGRESSIVE;
				CLANG_WARN_UNREACHABLE_CODE = YES;
				CLANG_WARN__DUPLICATE_METHOD_MATCH = YES;
				COPY_PHASE_STRIP = NO;
				DEBUG_INFORMATION_FORMAT = "dwarf-with-dsym";
				ENABLE_NS_ASSERTIONS = NO;
				ENABLE_STRICT_OBJC_MSGSEND = YES;
				ENABLE_USER_SCRIPT_SANDBOXING = YES;
				GCC_C_LANGUAGE_STANDARD = gnu17;
				GCC_NO_COMMON_BLOCKS = YES;
				GCC_WARN_64_TO_32_BIT_CONVERSION = YES;
				GCC_WARN_ABOUT_RETURN_TYPE = YES_ERROR;
				GCC_WARN_UNDECLARED_SELECTOR = YES;
				GCC_WARN_UNINITIALIZED_AUTOS = YES_AGGRESSIVE;
				GCC_WARN_UNUSED_FUNCTION = YES;
				GCC_WARN_UNUSED_VARIABLE = YES;
				IPHONEOS_DEPLOYMENT_TARGET = 17.2;
				LOCALIZATION_PREFERS_STRING_CATALOGS = YES;
				MTL_ENABLE_DEBUG_INFO = NO;
				MTL_FAST_MATH = YES;
				SDKROOT = iphoneos;
				SWIFT_COMPILATION_MODE = wholemodule;
				VALIDATE_PRODUCT = YES;
			};
			name = Release;
		};
		09CFBAED2DBFA6D6008338DF /* Debug */ = {
			isa = XCBuildConfiguration;
			buildSettings = {
				ASSETCATALOG_COMPILER_APPICON_NAME = AppIcon;
				ASSETCATALOG_COMPILER_GLOBAL_ACCENT_COLOR_NAME = AccentColor;
				CODE_SIGN_STYLE = Automatic;
				CURRENT_PROJECT_VERSION = 1;
				DEVELOPMENT_TEAM = 6YMVJ3NQ3K;
				GENERATE_INFOPLIST_FILE = YES;
				INFOPLIST_FILE = ImageFeed/Resources/Info.plist;
				INFOPLIST_KEY_UIApplicationSupportsIndirectInputEvents = YES;
				INFOPLIST_KEY_UILaunchStoryboardName = LaunchScreen;
				INFOPLIST_KEY_UIMainStoryboardFile = Main;
				INFOPLIST_KEY_UISupportedInterfaceOrientations = UIInterfaceOrientationPortrait;
				IPHONEOS_DEPLOYMENT_TARGET = 13.0;
				LD_RUNPATH_SEARCH_PATHS = (
					"$(inherited)",
					"@executable_path/Frameworks",
				);
				MARKETING_VERSION = 1.0;
				PRODUCT_BUNDLE_IDENTIFIER = com.IShcherbakov.ImageFeed;
				PRODUCT_NAME = "$(TARGET_NAME)";
				SUPPORTED_PLATFORMS = "iphoneos iphonesimulator";
				SUPPORTS_MACCATALYST = NO;
				SWIFT_EMIT_LOC_STRINGS = YES;
				SWIFT_VERSION = 5.0;
				TARGETED_DEVICE_FAMILY = 1;
			};
			name = Debug;
		};
		09CFBAEE2DBFA6D6008338DF /* Release */ = {
			isa = XCBuildConfiguration;
			buildSettings = {
				ASSETCATALOG_COMPILER_APPICON_NAME = AppIcon;
				ASSETCATALOG_COMPILER_GLOBAL_ACCENT_COLOR_NAME = AccentColor;
				CODE_SIGN_STYLE = Automatic;
				CURRENT_PROJECT_VERSION = 1;
				DEVELOPMENT_TEAM = 6YMVJ3NQ3K;
				GENERATE_INFOPLIST_FILE = YES;
				INFOPLIST_FILE = ImageFeed/Resources/Info.plist;
				INFOPLIST_KEY_UIApplicationSupportsIndirectInputEvents = YES;
				INFOPLIST_KEY_UILaunchStoryboardName = LaunchScreen;
				INFOPLIST_KEY_UIMainStoryboardFile = Main;
				INFOPLIST_KEY_UISupportedInterfaceOrientations = UIInterfaceOrientationPortrait;
				IPHONEOS_DEPLOYMENT_TARGET = 13.0;
				LD_RUNPATH_SEARCH_PATHS = (
					"$(inherited)",
					"@executable_path/Frameworks",
				);
				MARKETING_VERSION = 1.0;
				PRODUCT_BUNDLE_IDENTIFIER = com.IShcherbakov.ImageFeed;
				PRODUCT_NAME = "$(TARGET_NAME)";
				SUPPORTED_PLATFORMS = "iphoneos iphonesimulator";
				SUPPORTS_MACCATALYST = NO;
				SWIFT_EMIT_LOC_STRINGS = YES;
				SWIFT_VERSION = 5.0;
				TARGETED_DEVICE_FAMILY = 1;
			};
			name = Release;
		};
/* End XCBuildConfiguration section */

/* Begin XCConfigurationList section */
		09CFBAD32DBFA6D4008338DF /* Build configuration list for PBXProject "ImageFeed" */ = {
			isa = XCConfigurationList;
			buildConfigurations = (
				09CFBAEA2DBFA6D6008338DF /* Debug */,
				09CFBAEB2DBFA6D6008338DF /* Release */,
			);
			defaultConfigurationIsVisible = 0;
			defaultConfigurationName = Release;
		};
		09CFBAEC2DBFA6D6008338DF /* Build configuration list for PBXNativeTarget "ImageFeed" */ = {
			isa = XCConfigurationList;
			buildConfigurations = (
				09CFBAED2DBFA6D6008338DF /* Debug */,
				09CFBAEE2DBFA6D6008338DF /* Release */,
			);
			defaultConfigurationIsVisible = 0;
			defaultConfigurationName = Release;
		};
/* End XCConfigurationList section */
	};
	rootObject = 09CFBAD02DBFA6D4008338DF /* Project object */;
}
